
Microsoft Visual Studio Solution File, Format Version 12.00
# Visual Studio Version 16
VisualStudioVersion = 16.0.31402.337
MinimumVisualStudioVersion = 10.0.40219.1
Project("{9A19103F-16F7-4668-BE54-9A1E7A4F7556}") = "JourneyPlanner_ClassLibrary", "JourneyPlanner_ClassLibrary\JourneyPlanner_ClassLibrary.csproj", "{8F782B66-8417-4846-9E77-3FB5C80E0D39}"
EndProject
Project("{9A19103F-16F7-4668-BE54-9A1E7A4F7556}") = "JourneyPlanner_Tests", "JourneyPlanner_Tests\JourneyPlanner_Tests.csproj", "{3BC498B4-AE14-4C9B-BBD2-139E8D28E3C0}"
EndProject
Project("{9A19103F-16F7-4668-BE54-9A1E7A4F7556}") = "JourneyPlanner_Console", "JourneyPlanner_Console\JourneyPlanner_Console.csproj", "{21A9471A-E462-4CA7-A022-6B113FA9DE43}"
EndProject
Project("{9A19103F-16F7-4668-BE54-9A1E7A4F7556}") = "LeagueAPI_ClassLibrary", "LeagueAPI_ClassLibrary\LeagueAPI_ClassLibrary.csproj", "{4CF3D498-2F3C-431C-B088-6F0B618B5BD7}"
EndProject
Project("{9A19103F-16F7-4668-BE54-9A1E7A4F7556}") = "LeagueAPI_Tests", "LeagueAPI_Tests\LeagueAPI_Tests.csproj", "{8C708582-F102-418F-A936-ABCCE3FD010B}"
EndProject
Project("{9A19103F-16F7-4668-BE54-9A1E7A4F7556}") = "Common_ClassLibrary", "Common_ClassLibrary\Common_ClassLibrary.csproj", "{65C437B9-8F98-4D7D-91AE-753DF8A6E338}"
EndProject
Project("{9A19103F-16F7-4668-BE54-9A1E7A4F7556}") = "LeagueAPI_Console", "LeagueAPI_Console\LeagueAPI_Console.csproj", "{4761BE14-9808-479E-BF41-55E20A50D9D1}"
EndProject
Project("{9A19103F-16F7-4668-BE54-9A1E7A4F7556}") = "SpotifyAPI_ClassLibrary", "SpotifyAPI_ClassLibrary\SpotifyAPI_ClassLibrary.csproj", "{84ACC4FD-FB69-4AD3-83B1-1C3F5E6F5E1F}"
EndProject
Project("{9A19103F-16F7-4668-BE54-9A1E7A4F7556}") = "SpotifyAPI_Tests", "SpotifyAPI_Tests\SpotifyAPI_Tests.csproj", "{CCC16390-B7F6-42E4-8352-74BB0A7FB670}"
EndProject
Project("{FAE04EC0-301F-11D3-BF4B-00C04F79EFBC}") = "ViGEm", "ViGEm\ViGEm.csproj", "{AFD8620C-31A1-4BB4-A7FB-CFCF274CBCB7}"
EndProject
Global
	GlobalSection(SolutionConfigurationPlatforms) = preSolution
		Debug|Any CPU = Debug|Any CPU
		Release|Any CPU = Release|Any CPU
	EndGlobalSection
	GlobalSection(ProjectConfigurationPlatforms) = postSolution
		{8F782B66-8417-4846-9E77-3FB5C80E0D39}.Debug|Any CPU.ActiveCfg = Debug|Any CPU
		{8F782B66-8417-4846-9E77-3FB5C80E0D39}.Debug|Any CPU.Build.0 = Debug|Any CPU
		{8F782B66-8417-4846-9E77-3FB5C80E0D39}.Release|Any CPU.ActiveCfg = Release|Any CPU
		{8F782B66-8417-4846-9E77-3FB5C80E0D39}.Release|Any CPU.Build.0 = Release|Any CPU
		{3BC498B4-AE14-4C9B-BBD2-139E8D28E3C0}.Debug|Any CPU.ActiveCfg = Debug|Any CPU
		{3BC498B4-AE14-4C9B-BBD2-139E8D28E3C0}.Debug|Any CPU.Build.0 = Debug|Any CPU
		{3BC498B4-AE14-4C9B-BBD2-139E8D28E3C0}.Release|Any CPU.ActiveCfg = Release|Any CPU
		{3BC498B4-AE14-4C9B-BBD2-139E8D28E3C0}.Release|Any CPU.Build.0 = Release|Any CPU
		{21A9471A-E462-4CA7-A022-6B113FA9DE43}.Debug|Any CPU.ActiveCfg = Debug|Any CPU
		{21A9471A-E462-4CA7-A022-6B113FA9DE43}.Debug|Any CPU.Build.0 = Debug|Any CPU
		{21A9471A-E462-4CA7-A022-6B113FA9DE43}.Release|Any CPU.ActiveCfg = Release|Any CPU
		{21A9471A-E462-4CA7-A022-6B113FA9DE43}.Release|Any CPU.Build.0 = Release|Any CPU
		{4CF3D498-2F3C-431C-B088-6F0B618B5BD7}.Debug|Any CPU.ActiveCfg = Debug|Any CPU
		{4CF3D498-2F3C-431C-B088-6F0B618B5BD7}.Debug|Any CPU.Build.0 = Debug|Any CPU
		{4CF3D498-2F3C-431C-B088-6F0B618B5BD7}.Release|Any CPU.ActiveCfg = Release|Any CPU
		{4CF3D498-2F3C-431C-B088-6F0B618B5BD7}.Release|Any CPU.Build.0 = Release|Any CPU
		{8C708582-F102-418F-A936-ABCCE3FD010B}.Debug|Any CPU.ActiveCfg = Debug|Any CPU
		{8C708582-F102-418F-A936-ABCCE3FD010B}.Debug|Any CPU.Build.0 = Debug|Any CPU
		{8C708582-F102-418F-A936-ABCCE3FD010B}.Release|Any CPU.ActiveCfg = Release|Any CPU
		{8C708582-F102-418F-A936-ABCCE3FD010B}.Release|Any CPU.Build.0 = Release|Any CPU
		{65C437B9-8F98-4D7D-91AE-753DF8A6E338}.Debug|Any CPU.ActiveCfg = Debug|Any CPU
		{65C437B9-8F98-4D7D-91AE-753DF8A6E338}.Debug|Any CPU.Build.0 = Debug|Any CPU
		{65C437B9-8F98-4D7D-91AE-753DF8A6E338}.Release|Any CPU.ActiveCfg = Release|Any CPU
		{65C437B9-8F98-4D7D-91AE-753DF8A6E338}.Release|Any CPU.Build.0 = Release|Any CPU
		{4761BE14-9808-479E-BF41-55E20A50D9D1}.Debug|Any CPU.ActiveCfg = Debug|Any CPU
		{4761BE14-9808-479E-BF41-55E20A50D9D1}.Debug|Any CPU.Build.0 = Debug|Any CPU
		{4761BE14-9808-479E-BF41-55E20A50D9D1}.Release|Any CPU.ActiveCfg = Release|Any CPU
		{4761BE14-9808-479E-BF41-55E20A50D9D1}.Release|Any CPU.Build.0 = Release|Any CPU
		{84ACC4FD-FB69-4AD3-83B1-1C3F5E6F5E1F}.Debug|Any CPU.ActiveCfg = Debug|Any CPU
		{84ACC4FD-FB69-4AD3-83B1-1C3F5E6F5E1F}.Debug|Any CPU.Build.0 = Debug|Any CPU
		{84ACC4FD-FB69-4AD3-83B1-1C3F5E6F5E1F}.Release|Any CPU.ActiveCfg = Release|Any CPU
		{84ACC4FD-FB69-4AD3-83B1-1C3F5E6F5E1F}.Release|Any CPU.Build.0 = Release|Any CPU
		{CCC16390-B7F6-42E4-8352-74BB0A7FB670}.Debug|Any CPU.ActiveCfg = Debug|Any CPU
		{CCC16390-B7F6-42E4-8352-74BB0A7FB670}.Debug|Any CPU.Build.0 = Debug|Any CPU
		{CCC16390-B7F6-42E4-8352-74BB0A7FB670}.Release|Any CPU.ActiveCfg = Release|Any CPU
		{CCC16390-B7F6-42E4-8352-74BB0A7FB670}.Release|Any CPU.Build.0 = Release|Any CPU
		{AFD8620C-31A1-4BB4-A7FB-CFCF274CBCB7}.Debug|Any CPU.ActiveCfg = Debug|Any CPU
		{AFD8620C-31A1-4BB4-A7FB-CFCF274CBCB7}.Debug|Any CPU.Build.0 = Debug|Any CPU
		{AFD8620C-31A1-4BB4-A7FB-CFCF274CBCB7}.Release|Any CPU.ActiveCfg = Release|Any CPU
		{AFD8620C-31A1-4BB4-A7FB-CFCF274CBCB7}.Release|Any CPU.Build.0 = Release|Any CPU
	EndGlobalSection
	GlobalSection(SolutionProperties) = preSolution
		HideSolutionNode = FALSE
	EndGlobalSection
	GlobalSection(ExtensibilityGlobals) = postSolution
		SolutionGuid = {8F122953-B87D-4F7D-96BD-2F9CE1B50DA7}
	EndGlobalSection
EndGlobal
