
Microsoft Visual Studio Solution File, Format Version 12.00
# Visual Studio Version 17
VisualStudioVersion = 17.4.33110.190
MinimumVisualStudioVersion = 10.0.40219.1
Project("{9A19103F-16F7-4668-BE54-9A1E7A4F7556}") = "JourneyPlanner_ClassLibrary", "JourneyPlanner_ClassLibrary\JourneyPlanner_ClassLibrary.csproj", "{8F782B66-8417-4846-9E77-3FB5C80E0D39}"
EndProject
Project("{9A19103F-16F7-4668-BE54-9A1E7A4F7556}") = "JourneyPlanner_Tests", "JourneyPlanner_Tests\JourneyPlanner_Tests.csproj", "{3BC498B4-AE14-4C9B-BBD2-139E8D28E3C0}"
EndProject
Project("{9A19103F-16F7-4668-BE54-9A1E7A4F7556}") = "JourneyPlanner_Console", "JourneyPlanner_Console\JourneyPlanner_Console.csproj", "{21A9471A-E462-4CA7-A022-6B113FA9DE43}"
EndProject
Project("{9A19103F-16F7-4668-BE54-9A1E7A4F7556}") = "LeagueAPI_ClassLibrary", "LeagueAPI_ClassLibrary\LeagueAPI_ClassLibrary.csproj", "{4CF3D498-2F3C-431C-B088-6F0B618B5BD7}"
EndProject
Project("{9A19103F-16F7-4668-BE54-9A1E7A4F7556}") = "LeagueAPI_Tests", "LeagueAPI_Tests\LeagueAPI_Tests.csproj", "{8C708582-F102-418F-A936-ABCCE3FD010B}"
EndProject
Project("{9A19103F-16F7-4668-BE54-9A1E7A4F7556}") = "Common_ClassLibrary", "Common_ClassLibrary\Common_ClassLibrary.csproj", "{65C437B9-8F98-4D7D-91AE-753DF8A6E338}"
EndProject
Project("{9A19103F-16F7-4668-BE54-9A1E7A4F7556}") = "LeagueAPI_Console", "LeagueAPI_Console\LeagueAPI_Console.csproj", "{4761BE14-9808-479E-BF41-55E20A50D9D1}"
EndProject
Project("{9A19103F-16F7-4668-BE54-9A1E7A4F7556}") = "LeagueGui", "LeagueGui\LeagueGui.csproj", "{820C82B0-C76A-4298-8BB4-46244315D5BE}"
EndProject
Project("{9A19103F-16F7-4668-BE54-9A1E7A4F7556}") = "Vigem_ClassLibrary", "Vigem_ClassLibrary\Vigem_ClassLibrary.csproj", "{0704D954-DCAB-4B43-BDF0-F2120F60708A}"
EndProject
Project("{9A19103F-16F7-4668-BE54-9A1E7A4F7556}") = "WindowsPixelReader", "WindowsPixelReader\WindowsPixelReader.csproj", "{AC73C1DC-762C-44D1-B618-9F594EB1F381}"
EndProject
Project("{9A19103F-16F7-4668-BE54-9A1E7A4F7556}") = "VigemControllers_ClassLibrary", "Vigem_Controllers\VigemControllers_ClassLibrary.csproj", "{847F610E-5592-45E4-9227-0D04C1B6CCA0}"
EndProject
Project("{2150E333-8FDC-42A3-9474-1A3956D46DE8}") = "Vigem", "Vigem", "{CAA8ACC2-CAF2-45E4-BFD7-FE960610C7B7}"
EndProject
Project("{2150E333-8FDC-42A3-9474-1A3956D46DE8}") = "League", "League", "{3F2B5CBF-17A1-4AA0-8BAA-3CB18092048E}"
EndProject
Project("{2150E333-8FDC-42A3-9474-1A3956D46DE8}") = "JourneyPlanner", "JourneyPlanner", "{CAA12D22-414B-4CAA-9BBC-A5DAE87B3513}"
EndProject
Project("{9A19103F-16F7-4668-BE54-9A1E7A4F7556}") = "Vigem_Console", "Vigem_Console\Vigem_Console.csproj", "{5F974D7C-FA87-49B4-9CD4-8294896C0948}"
EndProject
Project("{9A19103F-16F7-4668-BE54-9A1E7A4F7556}") = "Vigem_Tests", "Vigem_Tests\Vigem_Tests.csproj", "{24C17ACD-3360-414F-B527-573E08073597}"
EndProject
Project("{FAE04EC0-301F-11D3-BF4B-00C04F79EFBC}") = "VigemControllers_Tests", "VigemControllers_Tests\VigemControllers_Tests.csproj", "{769E3EAA-1F49-4E7B-AAE8-B505159F9CF7}"
EndProject
Project("{FAE04EC0-301F-11D3-BF4B-00C04F79EFBC}") = "Vigem_Common", "Vigem_Common\Vigem_Common.csproj", "{9675C61D-C05F-4B89-8F3C-49E124B7DB3B}"
EndProject
Global
	GlobalSection(SolutionConfigurationPlatforms) = preSolution
		Debug|Any CPU = Debug|Any CPU
		Release|Any CPU = Release|Any CPU
	EndGlobalSection
	GlobalSection(ProjectConfigurationPlatforms) = postSolution
		{8F782B66-8417-4846-9E77-3FB5C80E0D39}.Debug|Any CPU.ActiveCfg = Debug|Any CPU
		{8F782B66-8417-4846-9E77-3FB5C80E0D39}.Debug|Any CPU.Build.0 = Debug|Any CPU
		{8F782B66-8417-4846-9E77-3FB5C80E0D39}.Release|Any CPU.ActiveCfg = Release|Any CPU
		{8F782B66-8417-4846-9E77-3FB5C80E0D39}.Release|Any CPU.Build.0 = Release|Any CPU
		{3BC498B4-AE14-4C9B-BBD2-139E8D28E3C0}.Debug|Any CPU.ActiveCfg = Debug|Any CPU
		{3BC498B4-AE14-4C9B-BBD2-139E8D28E3C0}.Debug|Any CPU.Build.0 = Debug|Any CPU
		{3BC498B4-AE14-4C9B-BBD2-139E8D28E3C0}.Release|Any CPU.ActiveCfg = Release|Any CPU
		{3BC498B4-AE14-4C9B-BBD2-139E8D28E3C0}.Release|Any CPU.Build.0 = Release|Any CPU
		{21A9471A-E462-4CA7-A022-6B113FA9DE43}.Debug|Any CPU.ActiveCfg = Debug|Any CPU
		{21A9471A-E462-4CA7-A022-6B113FA9DE43}.Debug|Any CPU.Build.0 = Debug|Any CPU
		{21A9471A-E462-4CA7-A022-6B113FA9DE43}.Release|Any CPU.ActiveCfg = Release|Any CPU
		{21A9471A-E462-4CA7-A022-6B113FA9DE43}.Release|Any CPU.Build.0 = Release|Any CPU
		{4CF3D498-2F3C-431C-B088-6F0B618B5BD7}.Debug|Any CPU.ActiveCfg = Debug|Any CPU
		{4CF3D498-2F3C-431C-B088-6F0B618B5BD7}.Debug|Any CPU.Build.0 = Debug|Any CPU
		{4CF3D498-2F3C-431C-B088-6F0B618B5BD7}.Release|Any CPU.ActiveCfg = Release|Any CPU
		{4CF3D498-2F3C-431C-B088-6F0B618B5BD7}.Release|Any CPU.Build.0 = Release|Any CPU
		{8C708582-F102-418F-A936-ABCCE3FD010B}.Debug|Any CPU.ActiveCfg = Debug|Any CPU
		{8C708582-F102-418F-A936-ABCCE3FD010B}.Debug|Any CPU.Build.0 = Debug|Any CPU
		{8C708582-F102-418F-A936-ABCCE3FD010B}.Release|Any CPU.ActiveCfg = Release|Any CPU
		{8C708582-F102-418F-A936-ABCCE3FD010B}.Release|Any CPU.Build.0 = Release|Any CPU
		{65C437B9-8F98-4D7D-91AE-753DF8A6E338}.Debug|Any CPU.ActiveCfg = Debug|Any CPU
		{65C437B9-8F98-4D7D-91AE-753DF8A6E338}.Debug|Any CPU.Build.0 = Debug|Any CPU
		{65C437B9-8F98-4D7D-91AE-753DF8A6E338}.Release|Any CPU.ActiveCfg = Release|Any CPU
		{65C437B9-8F98-4D7D-91AE-753DF8A6E338}.Release|Any CPU.Build.0 = Release|Any CPU
		{4761BE14-9808-479E-BF41-55E20A50D9D1}.Debug|Any CPU.ActiveCfg = Debug|Any CPU
		{4761BE14-9808-479E-BF41-55E20A50D9D1}.Debug|Any CPU.Build.0 = Debug|Any CPU
		{4761BE14-9808-479E-BF41-55E20A50D9D1}.Release|Any CPU.ActiveCfg = Release|Any CPU
		{4761BE14-9808-479E-BF41-55E20A50D9D1}.Release|Any CPU.Build.0 = Release|Any CPU
		{820C82B0-C76A-4298-8BB4-46244315D5BE}.Debug|Any CPU.ActiveCfg = Debug|Any CPU
		{820C82B0-C76A-4298-8BB4-46244315D5BE}.Debug|Any CPU.Build.0 = Debug|Any CPU
		{820C82B0-C76A-4298-8BB4-46244315D5BE}.Release|Any CPU.ActiveCfg = Release|Any CPU
		{820C82B0-C76A-4298-8BB4-46244315D5BE}.Release|Any CPU.Build.0 = Release|Any CPU
		{0704D954-DCAB-4B43-BDF0-F2120F60708A}.Debug|Any CPU.ActiveCfg = Debug|Any CPU
		{0704D954-DCAB-4B43-BDF0-F2120F60708A}.Debug|Any CPU.Build.0 = Debug|Any CPU
		{0704D954-DCAB-4B43-BDF0-F2120F60708A}.Release|Any CPU.ActiveCfg = Release|Any CPU
		{0704D954-DCAB-4B43-BDF0-F2120F60708A}.Release|Any CPU.Build.0 = Release|Any CPU
		{AC73C1DC-762C-44D1-B618-9F594EB1F381}.Debug|Any CPU.ActiveCfg = Debug|Any CPU
		{AC73C1DC-762C-44D1-B618-9F594EB1F381}.Debug|Any CPU.Build.0 = Debug|Any CPU
		{AC73C1DC-762C-44D1-B618-9F594EB1F381}.Release|Any CPU.ActiveCfg = Release|Any CPU
		{AC73C1DC-762C-44D1-B618-9F594EB1F381}.Release|Any CPU.Build.0 = Release|Any CPU
		{847F610E-5592-45E4-9227-0D04C1B6CCA0}.Debug|Any CPU.ActiveCfg = Debug|Any CPU
		{847F610E-5592-45E4-9227-0D04C1B6CCA0}.Debug|Any CPU.Build.0 = Debug|Any CPU
		{847F610E-5592-45E4-9227-0D04C1B6CCA0}.Release|Any CPU.ActiveCfg = Release|Any CPU
		{847F610E-5592-45E4-9227-0D04C1B6CCA0}.Release|Any CPU.Build.0 = Release|Any CPU
		{5F974D7C-FA87-49B4-9CD4-8294896C0948}.Debug|Any CPU.ActiveCfg = Debug|Any CPU
		{5F974D7C-FA87-49B4-9CD4-8294896C0948}.Debug|Any CPU.Build.0 = Debug|Any CPU
		{5F974D7C-FA87-49B4-9CD4-8294896C0948}.Release|Any CPU.ActiveCfg = Release|Any CPU
		{5F974D7C-FA87-49B4-9CD4-8294896C0948}.Release|Any CPU.Build.0 = Release|Any CPU
		{24C17ACD-3360-414F-B527-573E08073597}.Debug|Any CPU.ActiveCfg = Debug|Any CPU
		{24C17ACD-3360-414F-B527-573E08073597}.Debug|Any CPU.Build.0 = Debug|Any CPU
		{24C17ACD-3360-414F-B527-573E08073597}.Release|Any CPU.ActiveCfg = Release|Any CPU
		{24C17ACD-3360-414F-B527-573E08073597}.Release|Any CPU.Build.0 = Release|Any CPU
		{769E3EAA-1F49-4E7B-AAE8-B505159F9CF7}.Debug|Any CPU.ActiveCfg = Debug|Any CPU
		{769E3EAA-1F49-4E7B-AAE8-B505159F9CF7}.Debug|Any CPU.Build.0 = Debug|Any CPU
		{769E3EAA-1F49-4E7B-AAE8-B505159F9CF7}.Release|Any CPU.ActiveCfg = Release|Any CPU
		{769E3EAA-1F49-4E7B-AAE8-B505159F9CF7}.Release|Any CPU.Build.0 = Release|Any CPU
		{9675C61D-C05F-4B89-8F3C-49E124B7DB3B}.Debug|Any CPU.ActiveCfg = Debug|Any CPU
		{9675C61D-C05F-4B89-8F3C-49E124B7DB3B}.Debug|Any CPU.Build.0 = Debug|Any CPU
		{9675C61D-C05F-4B89-8F3C-49E124B7DB3B}.Release|Any CPU.ActiveCfg = Release|Any CPU
		{9675C61D-C05F-4B89-8F3C-49E124B7DB3B}.Release|Any CPU.Build.0 = Release|Any CPU
	EndGlobalSection
	GlobalSection(SolutionProperties) = preSolution
		HideSolutionNode = FALSE
	EndGlobalSection
	GlobalSection(NestedProjects) = preSolution
		{8F782B66-8417-4846-9E77-3FB5C80E0D39} = {CAA12D22-414B-4CAA-9BBC-A5DAE87B3513}
		{3BC498B4-AE14-4C9B-BBD2-139E8D28E3C0} = {CAA12D22-414B-4CAA-9BBC-A5DAE87B3513}
		{21A9471A-E462-4CA7-A022-6B113FA9DE43} = {CAA12D22-414B-4CAA-9BBC-A5DAE87B3513}
		{4CF3D498-2F3C-431C-B088-6F0B618B5BD7} = {3F2B5CBF-17A1-4AA0-8BAA-3CB18092048E}
		{8C708582-F102-418F-A936-ABCCE3FD010B} = {3F2B5CBF-17A1-4AA0-8BAA-3CB18092048E}
		{4761BE14-9808-479E-BF41-55E20A50D9D1} = {3F2B5CBF-17A1-4AA0-8BAA-3CB18092048E}
		{820C82B0-C76A-4298-8BB4-46244315D5BE} = {3F2B5CBF-17A1-4AA0-8BAA-3CB18092048E}
		{0704D954-DCAB-4B43-BDF0-F2120F60708A} = {CAA8ACC2-CAF2-45E4-BFD7-FE960610C7B7}
		{847F610E-5592-45E4-9227-0D04C1B6CCA0} = {CAA8ACC2-CAF2-45E4-BFD7-FE960610C7B7}
		{5F974D7C-FA87-49B4-9CD4-8294896C0948} = {CAA8ACC2-CAF2-45E4-BFD7-FE960610C7B7}
		{24C17ACD-3360-414F-B527-573E08073597} = {CAA8ACC2-CAF2-45E4-BFD7-FE960610C7B7}
		{769E3EAA-1F49-4E7B-AAE8-B505159F9CF7} = {CAA8ACC2-CAF2-45E4-BFD7-FE960610C7B7}
		{9675C61D-C05F-4B89-8F3C-49E124B7DB3B} = {CAA8ACC2-CAF2-45E4-BFD7-FE960610C7B7}
	EndGlobalSection
	GlobalSection(ExtensibilityGlobals) = postSolution
		SolutionGuid = {8F122953-B87D-4F7D-96BD-2F9CE1B50DA7}
	EndGlobalSection
EndGlobal
