
Microsoft Visual Studio Solution File, Format Version 12.00
# Visual Studio Version 16
VisualStudioVersion = 16.0.31402.337
MinimumVisualStudioVersion = 10.0.40219.1
Project("{9A19103F-16F7-4668-BE54-9A1E7A4F7556}") = "ClassLibrary", "ClassLibrary\ClassLibrary.csproj", "{A1FF5313-CD86-4749-A498-192573AD7593}"
EndProject
Project("{9A19103F-16F7-4668-BE54-9A1E7A4F7556}") = "ClassLibrary_Tests", "ClassLibrary_Tests\ClassLibrary_Tests.csproj", "{50624D10-262C-4B02-BAAD-AA282EE64D82}"
EndProject
Project("{9A19103F-16F7-4668-BE54-9A1E7A4F7556}") = "FlightConnectionsDotCom_ClassLibrary", "FlightConnectionsDotCom_ClassLibrary\FlightConnectionsDotCom_ClassLibrary.csproj", "{8F782B66-8417-4846-9E77-3FB5C80E0D39}"
EndProject
Project("{9A19103F-16F7-4668-BE54-9A1E7A4F7556}") = "FlightConnectionsDotCom_Tests", "FlightConnectionsDotCom_Tests\FlightConnectionsDotCom_Tests.csproj", "{3BC498B4-AE14-4C9B-BBD2-139E8D28E3C0}"
EndProject
Project("{9A19103F-16F7-4668-BE54-9A1E7A4F7556}") = "FlightConnectionsDotCom_Console", "FlightConnectionsDotCom_Console\FlightConnectionsDotCom_Console.csproj", "{21A9471A-E462-4CA7-A022-6B113FA9DE43}"
EndProject
Project("{9A19103F-16F7-4668-BE54-9A1E7A4F7556}") = "LeagueAPI_ClassLibrary", "LeagueAPI_ClassLibrary\LeagueAPI_ClassLibrary.csproj", "{4CF3D498-2F3C-431C-B088-6F0B618B5BD7}"
EndProject
Project("{9A19103F-16F7-4668-BE54-9A1E7A4F7556}") = "LeagueAPI_Tests", "LeagueAPI_Tests\LeagueAPI_Tests.csproj", "{8C708582-F102-418F-A936-ABCCE3FD010B}"
EndProject
Project("{FAE04EC0-301F-11D3-BF4B-00C04F79EFBC}") = "Common_ClassLibrary", "Common_ClassLibrary\Common_ClassLibrary.csproj", "{65C437B9-8F98-4D7D-91AE-753DF8A6E338}"
EndProject
Global
	GlobalSection(SolutionConfigurationPlatforms) = preSolution
		Debug|Any CPU = Debug|Any CPU
		Release|Any CPU = Release|Any CPU
	EndGlobalSection
	GlobalSection(ProjectConfigurationPlatforms) = postSolution
		{A1FF5313-CD86-4749-A498-192573AD7593}.Debug|Any CPU.ActiveCfg = Debug|Any CPU
		{A1FF5313-CD86-4749-A498-192573AD7593}.Debug|Any CPU.Build.0 = Debug|Any CPU
		{A1FF5313-CD86-4749-A498-192573AD7593}.Release|Any CPU.ActiveCfg = Release|Any CPU
		{A1FF5313-CD86-4749-A498-192573AD7593}.Release|Any CPU.Build.0 = Release|Any CPU
		{50624D10-262C-4B02-BAAD-AA282EE64D82}.Debug|Any CPU.ActiveCfg = Debug|Any CPU
		{50624D10-262C-4B02-BAAD-AA282EE64D82}.Debug|Any CPU.Build.0 = Debug|Any CPU
		{50624D10-262C-4B02-BAAD-AA282EE64D82}.Release|Any CPU.ActiveCfg = Release|Any CPU
		{50624D10-262C-4B02-BAAD-AA282EE64D82}.Release|Any CPU.Build.0 = Release|Any CPU
		{8F782B66-8417-4846-9E77-3FB5C80E0D39}.Debug|Any CPU.ActiveCfg = Debug|Any CPU
		{8F782B66-8417-4846-9E77-3FB5C80E0D39}.Debug|Any CPU.Build.0 = Debug|Any CPU
		{8F782B66-8417-4846-9E77-3FB5C80E0D39}.Release|Any CPU.ActiveCfg = Release|Any CPU
		{8F782B66-8417-4846-9E77-3FB5C80E0D39}.Release|Any CPU.Build.0 = Release|Any CPU
		{3BC498B4-AE14-4C9B-BBD2-139E8D28E3C0}.Debug|Any CPU.ActiveCfg = Debug|Any CPU
		{3BC498B4-AE14-4C9B-BBD2-139E8D28E3C0}.Debug|Any CPU.Build.0 = Debug|Any CPU
		{3BC498B4-AE14-4C9B-BBD2-139E8D28E3C0}.Release|Any CPU.ActiveCfg = Release|Any CPU
		{3BC498B4-AE14-4C9B-BBD2-139E8D28E3C0}.Release|Any CPU.Build.0 = Release|Any CPU
		{21A9471A-E462-4CA7-A022-6B113FA9DE43}.Debug|Any CPU.ActiveCfg = Debug|Any CPU
		{21A9471A-E462-4CA7-A022-6B113FA9DE43}.Debug|Any CPU.Build.0 = Debug|Any CPU
		{21A9471A-E462-4CA7-A022-6B113FA9DE43}.Release|Any CPU.ActiveCfg = Release|Any CPU
		{21A9471A-E462-4CA7-A022-6B113FA9DE43}.Release|Any CPU.Build.0 = Release|Any CPU
		{4CF3D498-2F3C-431C-B088-6F0B618B5BD7}.Debug|Any CPU.ActiveCfg = Debug|Any CPU
		{4CF3D498-2F3C-431C-B088-6F0B618B5BD7}.Debug|Any CPU.Build.0 = Debug|Any CPU
		{4CF3D498-2F3C-431C-B088-6F0B618B5BD7}.Release|Any CPU.ActiveCfg = Release|Any CPU
		{4CF3D498-2F3C-431C-B088-6F0B618B5BD7}.Release|Any CPU.Build.0 = Release|Any CPU
		{8C708582-F102-418F-A936-ABCCE3FD010B}.Debug|Any CPU.ActiveCfg = Debug|Any CPU
		{8C708582-F102-418F-A936-ABCCE3FD010B}.Debug|Any CPU.Build.0 = Debug|Any CPU
		{8C708582-F102-418F-A936-ABCCE3FD010B}.Release|Any CPU.ActiveCfg = Release|Any CPU
		{8C708582-F102-418F-A936-ABCCE3FD010B}.Release|Any CPU.Build.0 = Release|Any CPU
		{65C437B9-8F98-4D7D-91AE-753DF8A6E338}.Debug|Any CPU.ActiveCfg = Debug|Any CPU
		{65C437B9-8F98-4D7D-91AE-753DF8A6E338}.Debug|Any CPU.Build.0 = Debug|Any CPU
		{65C437B9-8F98-4D7D-91AE-753DF8A6E338}.Release|Any CPU.ActiveCfg = Release|Any CPU
		{65C437B9-8F98-4D7D-91AE-753DF8A6E338}.Release|Any CPU.Build.0 = Release|Any CPU
	EndGlobalSection
	GlobalSection(SolutionProperties) = preSolution
		HideSolutionNode = FALSE
	EndGlobalSection
	GlobalSection(ExtensibilityGlobals) = postSolution
		SolutionGuid = {8F122953-B87D-4F7D-96BD-2F9CE1B50DA7}
	EndGlobalSection
EndGlobal
